
Microsoft Visual Studio Solution File, Format Version 12.00
# Visual Studio Version 16
VisualStudioVersion = 16.0.31129.286
MinimumVisualStudioVersion = 10.0.40219.1
Project("{FAE04EC0-301F-11D3-BF4B-00C04F79EFBC}") = "arduino_data_logger_simple", "arduino_data_logger_simple\arduino_data_logger_simple.csproj", "{CCF982E9-B397-45F0-A782-21836FFA76E9}"
EndProject
Global
	GlobalSection(SolutionConfigurationPlatforms) = preSolution
		Debug|Any CPU = Debug|Any CPU
		Release|Any CPU = Release|Any CPU
	EndGlobalSection
	GlobalSection(ProjectConfigurationPlatforms) = postSolution
		{CCF982E9-B397-45F0-A782-21836FFA76E9}.Debug|Any CPU.ActiveCfg = Debug|Any CPU
		{CCF982E9-B397-45F0-A782-21836FFA76E9}.Debug|Any CPU.Build.0 = Debug|Any CPU
		{CCF982E9-B397-45F0-A782-21836FFA76E9}.Release|Any CPU.ActiveCfg = Release|Any CPU
		{CCF982E9-B397-45F0-A782-21836FFA76E9}.Release|Any CPU.Build.0 = Release|Any CPU
	EndGlobalSection
	GlobalSection(SolutionProperties) = preSolution
		HideSolutionNode = FALSE
	EndGlobalSection
	GlobalSection(ExtensibilityGlobals) = postSolution
		SolutionGuid = {EBE09DEF-C517-4315-A268-B00F63359FCE}
	EndGlobalSection
EndGlobal
